
Microsoft Visual Studio Solution File, Format Version 12.00
# Visual Studio Version 17
VisualStudioVersion = 17.1.32210.238
MinimumVisualStudioVersion = 10.0.40219.1
Project("{FAE04EC0-301F-11D3-BF4B-00C04F79EFBC}") = "SafetyEquipmentInspectionApp", "SafetyEquipmentInspectionApp\SafetyEquipmentInspectionApp.csproj", "{25A5E705-8B9F-434F-9AB2-416E9E77D696}"
EndProject
Project("{FAE04EC0-301F-11D3-BF4B-00C04F79EFBC}") = "SafetyEquipmentInspectionAPI", "SafetyEquipmentInspectionAPI\SafetyEquipmentInspectionAPI.csproj", "{C1C8B02D-316C-4D14-B06A-F57BEED39052}"
EndProject
Global
	GlobalSection(SolutionConfigurationPlatforms) = preSolution
		Debug|Any CPU = Debug|Any CPU
		Release|Any CPU = Release|Any CPU
	EndGlobalSection
	GlobalSection(ProjectConfigurationPlatforms) = postSolution
		{25A5E705-8B9F-434F-9AB2-416E9E77D696}.Debug|Any CPU.ActiveCfg = Debug|Any CPU
		{25A5E705-8B9F-434F-9AB2-416E9E77D696}.Debug|Any CPU.Build.0 = Debug|Any CPU
		{25A5E705-8B9F-434F-9AB2-416E9E77D696}.Release|Any CPU.ActiveCfg = Release|Any CPU
		{25A5E705-8B9F-434F-9AB2-416E9E77D696}.Release|Any CPU.Build.0 = Release|Any CPU
		{C1C8B02D-316C-4D14-B06A-F57BEED39052}.Debug|Any CPU.ActiveCfg = Debug|Any CPU
		{C1C8B02D-316C-4D14-B06A-F57BEED39052}.Debug|Any CPU.Build.0 = Debug|Any CPU
		{C1C8B02D-316C-4D14-B06A-F57BEED39052}.Release|Any CPU.ActiveCfg = Release|Any CPU
		{C1C8B02D-316C-4D14-B06A-F57BEED39052}.Release|Any CPU.Build.0 = Release|Any CPU
	EndGlobalSection
	GlobalSection(SolutionProperties) = preSolution
		HideSolutionNode = FALSE
	EndGlobalSection
	GlobalSection(ExtensibilityGlobals) = postSolution
		SolutionGuid = {7E90F83A-A47D-4945-B9B0-F0EC14796D59}
	EndGlobalSection
EndGlobal
