{
  "name": "safety-equipment-inspection-app",
  "lockfileVersion": 2,
  "requires": true,
  "packages": {
    "": {
      "name": "safety-equipment-inspection-app",
      "dependencies": {
        "@nguniversal/module-map-ngfactory-loader": "^7.0.2"
      }
    },
    "node_modules/@angular/animations": {
      "version": "14.2.5",
      "resolved": "https://registry.npmjs.org/@angular/animations/-/animations-14.2.5.tgz",
      "integrity": "sha512-4BhR9jSjgIwoK/alu7FSwSU5SxISMVFBAl/4cEYchfCqnflMNkZ8WwRVKTQjyeuYW5KtQTw9jRNp4tGK1YQWYw==",
      "peer": true,
      "dependencies": {
        "tslib": "^2.3.0"
      },
      "engines": {
        "node": "^14.15.0 || >=16.10.0"
      },
      "peerDependencies": {
        "@angular/core": "14.2.5"
      }
    },
    "node_modules/@angular/animations/node_modules/tslib": {
      "version": "2.4.0",
      "resolved": "https://registry.npmjs.org/tslib/-/tslib-2.4.0.tgz",
      "integrity": "sha512-d6xOpEDfsi2CZVlPQzGeux8XMwLT9hssAsaPYExaQMuYskwb+x1x7J371tWlbBdWHroy99KnVB6qIkUbs5X3UQ==",
      "peer": true
    },
    "node_modules/@angular/common": {
      "version": "14.2.5",
      "resolved": "https://registry.npmjs.org/@angular/common/-/common-14.2.5.tgz",
      "integrity": "sha512-v2fIK6imfMkUvYNjZQO+drE39QO3eSS95Yy7UN+6inb47DkAfzx6hipA9zKrMENjsS3kDv1d7cgDHE7WuOCzIw==",
      "peer": true,
      "dependencies": {
        "tslib": "^2.3.0"
      },
      "engines": {
        "node": "^14.15.0 || >=16.10.0"
      },
      "peerDependencies": {
        "@angular/core": "14.2.5",
        "rxjs": "^6.5.3 || ^7.4.0"
      }
    },
    "node_modules/@angular/common/node_modules/tslib": {
      "version": "2.4.0",
      "resolved": "https://registry.npmjs.org/tslib/-/tslib-2.4.0.tgz",
      "integrity": "sha512-d6xOpEDfsi2CZVlPQzGeux8XMwLT9hssAsaPYExaQMuYskwb+x1x7J371tWlbBdWHroy99KnVB6qIkUbs5X3UQ==",
      "peer": true
    },
    "node_modules/@angular/compiler": {
      "version": "14.2.5",
      "resolved": "https://registry.npmjs.org/@angular/compiler/-/compiler-14.2.5.tgz",
      "integrity": "sha512-L7d2/D6o9wlB2ugqRYpev6a8JntqS+7lF2o6z8y7RR2YAlAu71nq0BDsQez4/aSCK3HnDq0yhEnns7vcmOq/jA==",
      "peer": true,
      "dependencies": {
        "tslib": "^2.3.0"
      },
      "engines": {
        "node": "^14.15.0 || >=16.10.0"
      },
      "peerDependencies": {
        "@angular/core": "14.2.5"
      },
      "peerDependenciesMeta": {
        "@angular/core": {
          "optional": true
        }
      }
    },
    "node_modules/@angular/compiler/node_modules/tslib": {
      "version": "2.4.0",
      "resolved": "https://registry.npmjs.org/tslib/-/tslib-2.4.0.tgz",
      "integrity": "sha512-d6xOpEDfsi2CZVlPQzGeux8XMwLT9hssAsaPYExaQMuYskwb+x1x7J371tWlbBdWHroy99KnVB6qIkUbs5X3UQ==",
      "peer": true
    },
    "node_modules/@angular/core": {
      "version": "14.2.5",
      "resolved": "https://registry.npmjs.org/@angular/core/-/core-14.2.5.tgz",
      "integrity": "sha512-Ok78Abq0puMGlolvNVzKFvsX7ePDkyxpZzztDzXDdRA4x4o6bAuuDG9Y7Wab2+wsdY6NktO+dFQjq1UBWClgSg==",
      "peer": true,
      "dependencies": {
        "tslib": "^2.3.0"
      },
      "engines": {
        "node": "^14.15.0 || >=16.10.0"
      },
      "peerDependencies": {
        "rxjs": "^6.5.3 || ^7.4.0",
        "zone.js": "~0.11.4"
      }
    },
    "node_modules/@angular/core/node_modules/tslib": {
      "version": "2.4.0",
      "resolved": "https://registry.npmjs.org/tslib/-/tslib-2.4.0.tgz",
      "integrity": "sha512-d6xOpEDfsi2CZVlPQzGeux8XMwLT9hssAsaPYExaQMuYskwb+x1x7J371tWlbBdWHroy99KnVB6qIkUbs5X3UQ==",
      "peer": true
    },
    "node_modules/@angular/platform-browser": {
      "version": "14.2.5",
      "resolved": "https://registry.npmjs.org/@angular/platform-browser/-/platform-browser-14.2.5.tgz",
      "integrity": "sha512-FDZm23N9veSEouQX1YuZUjv7Nillroi+v0VbN1x5iPpFZEudaoZYT3A7bpJwdlxUx/4rGS0caaXNhN3CowtIeQ==",
      "peer": true,
      "dependencies": {
        "tslib": "^2.3.0"
      },
      "engines": {
        "node": "^14.15.0 || >=16.10.0"
      },
      "peerDependencies": {
        "@angular/animations": "14.2.5",
        "@angular/common": "14.2.5",
        "@angular/core": "14.2.5"
      },
      "peerDependenciesMeta": {
        "@angular/animations": {
          "optional": true
        }
      }
    },
    "node_modules/@angular/platform-browser-dynamic": {
      "version": "14.2.5",
      "resolved": "https://registry.npmjs.org/@angular/platform-browser-dynamic/-/platform-browser-dynamic-14.2.5.tgz",
      "integrity": "sha512-7W8oLs8YEGRr8izgUlpHgBfg3vUb5H0yicTHJY4zIqHJJbG1rTl46CjULaMjYM/FWcS8o7y6XJJcHx0c7pKNsw==",
      "peer": true,
      "dependencies": {
        "tslib": "^2.3.0"
      },
      "engines": {
        "node": "^14.15.0 || >=16.10.0"
      },
      "peerDependencies": {
        "@angular/common": "14.2.5",
        "@angular/compiler": "14.2.5",
        "@angular/core": "14.2.5",
        "@angular/platform-browser": "14.2.5"
      }
    },
    "node_modules/@angular/platform-browser-dynamic/node_modules/tslib": {
      "version": "2.4.0",
      "resolved": "https://registry.npmjs.org/tslib/-/tslib-2.4.0.tgz",
      "integrity": "sha512-d6xOpEDfsi2CZVlPQzGeux8XMwLT9hssAsaPYExaQMuYskwb+x1x7J371tWlbBdWHroy99KnVB6qIkUbs5X3UQ==",
      "peer": true
    },
    "node_modules/@angular/platform-browser/node_modules/tslib": {
      "version": "2.4.0",
      "resolved": "https://registry.npmjs.org/tslib/-/tslib-2.4.0.tgz",
      "integrity": "sha512-d6xOpEDfsi2CZVlPQzGeux8XMwLT9hssAsaPYExaQMuYskwb+x1x7J371tWlbBdWHroy99KnVB6qIkUbs5X3UQ==",
      "peer": true
    },
    "node_modules/@angular/platform-server": {
      "version": "14.2.5",
      "resolved": "https://registry.npmjs.org/@angular/platform-server/-/platform-server-14.2.5.tgz",
      "integrity": "sha512-cRYf0rf6ctHvEnDwtAyIsTHrCvlGHHszE9KK7o2c5fYGfzhYXLw7CX/JMTN+9xwvT2H7QZFrkm2AaNjPvkKd7Q==",
      "peer": true,
      "dependencies": {
        "domino": "^2.1.2",
        "tslib": "^2.3.0",
        "xhr2": "^0.2.0"
      },
      "engines": {
        "node": "^14.15.0 || >=16.10.0"
      },
      "peerDependencies": {
        "@angular/animations": "14.2.5",
        "@angular/common": "14.2.5",
        "@angular/compiler": "14.2.5",
        "@angular/core": "14.2.5",
        "@angular/platform-browser": "14.2.5",
        "@angular/platform-browser-dynamic": "14.2.5"
      }
    },
    "node_modules/@angular/platform-server/node_modules/tslib": {
      "version": "2.4.0",
      "resolved": "https://registry.npmjs.org/tslib/-/tslib-2.4.0.tgz",
      "integrity": "sha512-d6xOpEDfsi2CZVlPQzGeux8XMwLT9hssAsaPYExaQMuYskwb+x1x7J371tWlbBdWHroy99KnVB6qIkUbs5X3UQ==",
      "peer": true
    },
    "node_modules/@nguniversal/module-map-ngfactory-loader": {
      "version": "7.0.2",
      "resolved": "https://registry.npmjs.org/@nguniversal/module-map-ngfactory-loader/-/module-map-ngfactory-loader-7.0.2.tgz",
      "integrity": "sha512-zZst1DfmWZdozNmYRu6vUacFLKreLVhGfpp/LmBrW/jDESHWU4AtRBQYtH8KfhKFSE+B6ehyGYHPfDdSa5sk7g==",
      "deprecated": "The string form of `loadChildren` is deprecated, this package is part of its implementation and is no longer needed if not using string form lazy loading. See: https://angular.io/api/router/LoadChildren for more details.",
      "peerDependencies": {
        "@angular/common": ">=6.0.0",
        "@angular/core": ">=6.0.0",
        "@angular/platform-server": ">=6.0.0"
      }
    },
    "node_modules/domino": {
      "version": "2.1.6",
      "resolved": "https://registry.npmjs.org/domino/-/domino-2.1.6.tgz",
      "integrity": "sha512-3VdM/SXBZX2omc9JF9nOPCtDaYQ67BGp5CoLpIQlO2KCAPETs8TcDHacF26jXadGbvUteZzRTeos2fhID5+ucQ==",
      "peer": true
    },
    "node_modules/rxjs": {
      "version": "6.6.7",
      "resolved": "https://registry.npmjs.org/rxjs/-/rxjs-6.6.7.tgz",
      "integrity": "sha512-hTdwr+7yYNIT5n4AMYp85KA6yw2Va0FLa3Rguvbpa4W3I5xynaBZo41cM3XM+4Q6fRMj3sBYIR1VAmZMXYJvRQ==",
      "peer": true,
      "dependencies": {
        "tslib": "^1.9.0"
      },
      "engines": {
        "npm": ">=2.0.0"
      }
    },
    "node_modules/tslib": {
      "version": "1.14.1",
      "resolved": "https://registry.npmjs.org/tslib/-/tslib-1.14.1.tgz",
      "integrity": "sha512-Xni35NKzjgMrwevysHTCArtLDpPvye8zV/0E4EyYn43P7/7qvQwPh9BGkHewbMulVntbigmcT7rdX3BNo9wRJg==",
      "peer": true
    },
    "node_modules/xhr2": {
      "version": "0.2.1",
      "resolved": "https://registry.npmjs.org/xhr2/-/xhr2-0.2.1.tgz",
      "integrity": "sha512-sID0rrVCqkVNUn8t6xuv9+6FViXjUVXq8H5rWOH2rz9fDNQEd4g0EA2XlcEdJXRz5BMEn4O1pJFdT+z4YHhoWw==",
      "peer": true,
      "engines": {
        "node": ">= 6"
      }
    },
    "node_modules/zone.js": {
      "version": "0.11.8",
      "resolved": "https://registry.npmjs.org/zone.js/-/zone.js-0.11.8.tgz",
      "integrity": "sha512-82bctBg2hKcEJ21humWIkXRlLBBmrc3nN7DFh5LGGhcyycO2S7FN8NmdvlcKaGFDNVL4/9kFLmwmInTavdJERA==",
      "peer": true,
      "dependencies": {
        "tslib": "^2.3.0"
      }
    },
    "node_modules/zone.js/node_modules/tslib": {
      "version": "2.4.0",
      "resolved": "https://registry.npmjs.org/tslib/-/tslib-2.4.0.tgz",
      "integrity": "sha512-d6xOpEDfsi2CZVlPQzGeux8XMwLT9hssAsaPYExaQMuYskwb+x1x7J371tWlbBdWHroy99KnVB6qIkUbs5X3UQ==",
      "peer": true
    }
  },
  "dependencies": {
    "@angular/animations": {
      "version": "14.2.5",
      "resolved": "https://registry.npmjs.org/@angular/animations/-/animations-14.2.5.tgz",
      "integrity": "sha512-4BhR9jSjgIwoK/alu7FSwSU5SxISMVFBAl/4cEYchfCqnflMNkZ8WwRVKTQjyeuYW5KtQTw9jRNp4tGK1YQWYw==",
      "peer": true,
      "requires": {
        "tslib": "^2.3.0"
      },
      "dependencies": {
        "tslib": {
          "version": "2.4.0",
          "resolved": "https://registry.npmjs.org/tslib/-/tslib-2.4.0.tgz",
          "integrity": "sha512-d6xOpEDfsi2CZVlPQzGeux8XMwLT9hssAsaPYExaQMuYskwb+x1x7J371tWlbBdWHroy99KnVB6qIkUbs5X3UQ==",
          "peer": true
        }
      }
    },
    "@angular/common": {
      "version": "14.2.5",
      "resolved": "https://registry.npmjs.org/@angular/common/-/common-14.2.5.tgz",
      "integrity": "sha512-v2fIK6imfMkUvYNjZQO+drE39QO3eSS95Yy7UN+6inb47DkAfzx6hipA9zKrMENjsS3kDv1d7cgDHE7WuOCzIw==",
      "peer": true,
      "requires": {
        "tslib": "^2.3.0"
      },
      "dependencies": {
        "tslib": {
          "version": "2.4.0",
          "resolved": "https://registry.npmjs.org/tslib/-/tslib-2.4.0.tgz",
          "integrity": "sha512-d6xOpEDfsi2CZVlPQzGeux8XMwLT9hssAsaPYExaQMuYskwb+x1x7J371tWlbBdWHroy99KnVB6qIkUbs5X3UQ==",
          "peer": true
        }
      }
    },
    "@angular/compiler": {
      "version": "14.2.5",
      "resolved": "https://registry.npmjs.org/@angular/compiler/-/compiler-14.2.5.tgz",
      "integrity": "sha512-L7d2/D6o9wlB2ugqRYpev6a8JntqS+7lF2o6z8y7RR2YAlAu71nq0BDsQez4/aSCK3HnDq0yhEnns7vcmOq/jA==",
      "peer": true,
      "requires": {
        "tslib": "^2.3.0"
      },
      "dependencies": {
        "tslib": {
          "version": "2.4.0",
          "resolved": "https://registry.npmjs.org/tslib/-/tslib-2.4.0.tgz",
          "integrity": "sha512-d6xOpEDfsi2CZVlPQzGeux8XMwLT9hssAsaPYExaQMuYskwb+x1x7J371tWlbBdWHroy99KnVB6qIkUbs5X3UQ==",
          "peer": true
        }
      }
    },
    "@angular/core": {
      "version": "14.2.5",
      "resolved": "https://registry.npmjs.org/@angular/core/-/core-14.2.5.tgz",
      "integrity": "sha512-Ok78Abq0puMGlolvNVzKFvsX7ePDkyxpZzztDzXDdRA4x4o6bAuuDG9Y7Wab2+wsdY6NktO+dFQjq1UBWClgSg==",
      "peer": true,
      "requires": {
        "tslib": "^2.3.0"
      },
      "dependencies": {
        "tslib": {
          "version": "2.4.0",
          "resolved": "https://registry.npmjs.org/tslib/-/tslib-2.4.0.tgz",
          "integrity": "sha512-d6xOpEDfsi2CZVlPQzGeux8XMwLT9hssAsaPYExaQMuYskwb+x1x7J371tWlbBdWHroy99KnVB6qIkUbs5X3UQ==",
          "peer": true
        }
      }
    },
    "@angular/platform-browser": {
      "version": "14.2.5",
      "resolved": "https://registry.npmjs.org/@angular/platform-browser/-/platform-browser-14.2.5.tgz",
      "integrity": "sha512-FDZm23N9veSEouQX1YuZUjv7Nillroi+v0VbN1x5iPpFZEudaoZYT3A7bpJwdlxUx/4rGS0caaXNhN3CowtIeQ==",
      "peer": true,
      "requires": {
        "tslib": "^2.3.0"
      },
      "dependencies": {
        "tslib": {
          "version": "2.4.0",
          "resolved": "https://registry.npmjs.org/tslib/-/tslib-2.4.0.tgz",
          "integrity": "sha512-d6xOpEDfsi2CZVlPQzGeux8XMwLT9hssAsaPYExaQMuYskwb+x1x7J371tWlbBdWHroy99KnVB6qIkUbs5X3UQ==",
          "peer": true
        }
      }
    },
    "@angular/platform-browser-dynamic": {
      "version": "14.2.5",
      "resolved": "https://registry.npmjs.org/@angular/platform-browser-dynamic/-/platform-browser-dynamic-14.2.5.tgz",
      "integrity": "sha512-7W8oLs8YEGRr8izgUlpHgBfg3vUb5H0yicTHJY4zIqHJJbG1rTl46CjULaMjYM/FWcS8o7y6XJJcHx0c7pKNsw==",
      "peer": true,
      "requires": {
        "tslib": "^2.3.0"
      },
      "dependencies": {
        "tslib": {
          "version": "2.4.0",
          "resolved": "https://registry.npmjs.org/tslib/-/tslib-2.4.0.tgz",
          "integrity": "sha512-d6xOpEDfsi2CZVlPQzGeux8XMwLT9hssAsaPYExaQMuYskwb+x1x7J371tWlbBdWHroy99KnVB6qIkUbs5X3UQ==",
          "peer": true
        }
      }
    },
    "@angular/platform-server": {
      "version": "14.2.5",
      "resolved": "https://registry.npmjs.org/@angular/platform-server/-/platform-server-14.2.5.tgz",
      "integrity": "sha512-cRYf0rf6ctHvEnDwtAyIsTHrCvlGHHszE9KK7o2c5fYGfzhYXLw7CX/JMTN+9xwvT2H7QZFrkm2AaNjPvkKd7Q==",
      "peer": true,
      "requires": {
        "domino": "^2.1.2",
        "tslib": "^2.3.0",
        "xhr2": "^0.2.0"
      },
      "dependencies": {
        "tslib": {
          "version": "2.4.0",
          "resolved": "https://registry.npmjs.org/tslib/-/tslib-2.4.0.tgz",
          "integrity": "sha512-d6xOpEDfsi2CZVlPQzGeux8XMwLT9hssAsaPYExaQMuYskwb+x1x7J371tWlbBdWHroy99KnVB6qIkUbs5X3UQ==",
          "peer": true
        }
      }
    },
    "@nguniversal/module-map-ngfactory-loader": {
      "version": "7.0.2",
      "resolved": "https://registry.npmjs.org/@nguniversal/module-map-ngfactory-loader/-/module-map-ngfactory-loader-7.0.2.tgz",
      "integrity": "sha512-zZst1DfmWZdozNmYRu6vUacFLKreLVhGfpp/LmBrW/jDESHWU4AtRBQYtH8KfhKFSE+B6ehyGYHPfDdSa5sk7g==",
      "requires": {}
    },
    "domino": {
      "version": "2.1.6",
      "resolved": "https://registry.npmjs.org/domino/-/domino-2.1.6.tgz",
      "integrity": "sha512-3VdM/SXBZX2omc9JF9nOPCtDaYQ67BGp5CoLpIQlO2KCAPETs8TcDHacF26jXadGbvUteZzRTeos2fhID5+ucQ==",
      "peer": true
    },
    "rxjs": {
      "version": "6.6.7",
      "resolved": "https://registry.npmjs.org/rxjs/-/rxjs-6.6.7.tgz",
      "integrity": "sha512-hTdwr+7yYNIT5n4AMYp85KA6yw2Va0FLa3Rguvbpa4W3I5xynaBZo41cM3XM+4Q6fRMj3sBYIR1VAmZMXYJvRQ==",
      "peer": true,
      "requires": {
        "tslib": "^1.9.0"
      }
    },
    "tslib": {
      "version": "1.14.1",
      "resolved": "https://registry.npmjs.org/tslib/-/tslib-1.14.1.tgz",
      "integrity": "sha512-Xni35NKzjgMrwevysHTCArtLDpPvye8zV/0E4EyYn43P7/7qvQwPh9BGkHewbMulVntbigmcT7rdX3BNo9wRJg==",
      "peer": true
    },
    "xhr2": {
      "version": "0.2.1",
      "resolved": "https://registry.npmjs.org/xhr2/-/xhr2-0.2.1.tgz",
      "integrity": "sha512-sID0rrVCqkVNUn8t6xuv9+6FViXjUVXq8H5rWOH2rz9fDNQEd4g0EA2XlcEdJXRz5BMEn4O1pJFdT+z4YHhoWw==",
      "peer": true
    },
    "zone.js": {
      "version": "0.11.8",
      "resolved": "https://registry.npmjs.org/zone.js/-/zone.js-0.11.8.tgz",
      "integrity": "sha512-82bctBg2hKcEJ21humWIkXRlLBBmrc3nN7DFh5LGGhcyycO2S7FN8NmdvlcKaGFDNVL4/9kFLmwmInTavdJERA==",
      "peer": true,
      "requires": {
        "tslib": "^2.3.0"
      },
      "dependencies": {
        "tslib": {
          "version": "2.4.0",
          "resolved": "https://registry.npmjs.org/tslib/-/tslib-2.4.0.tgz",
          "integrity": "sha512-d6xOpEDfsi2CZVlPQzGeux8XMwLT9hssAsaPYExaQMuYskwb+x1x7J371tWlbBdWHroy99KnVB6qIkUbs5X3UQ==",
          "peer": true
        }
      }
    }
  }
}
